{
  "version": 4,
  "terraform_version": "1.8.3",
  "serial": 4,
  "lineage": "068d874e-dcb9-19bc-7be7-8288db585cc0",
  "outputs": {},
  "resources": [
    {
      "mode": "managed",
      "type": "aws_s3_bucket_website_configuration",
      "name": "static_assets",
      "provider": "provider[\"registry.terraform.io/hashicorp/aws\"]",
      "instances": [
        {
          "status": "tainted",
          "schema_version": 0,
          "attributes": {
            "bucket": "www.trenchcrusade.com",
            "error_document": [],
            "expected_bucket_owner": "",
            "id": "www.trenchcrusade.com",
            "index_document": [
              {
                "suffix": "index.html"
              }
            ],
            "redirect_all_requests_to": [],
            "routing_rule": [],
            "routing_rules": "",
            "website_domain": null,
            "website_endpoint": null
          },
          "sensitive_attributes": [],
          "private": "bnVsbA=="
        }
      ]
    }
  ],
  "check_results": null
}
